
Microsoft Visual Studio Solution File, Format Version 12.00
# Visual Studio Version 17
VisualStudioVersion = 17.9.34701.34
MinimumVisualStudioVersion = 10.0.40219.1
Project("{FAE04EC0-301F-11D3-BF4B-00C04F79EFBC}") = "TWJobs", "TWJobs\TWJobs.csproj", "{0B875ADA-8E75-418D-9749-D90F3C627E5E}"
EndProject
Global
	GlobalSection(SolutionConfigurationPlatforms) = preSolution
		Debug|Any CPU = Debug|Any CPU
		Release|Any CPU = Release|Any CPU
	EndGlobalSection
	GlobalSection(ProjectConfigurationPlatforms) = postSolution
		{0B875ADA-8E75-418D-9749-D90F3C627E5E}.Debug|Any CPU.ActiveCfg = Debug|Any CPU
		{0B875ADA-8E75-418D-9749-D90F3C627E5E}.Debug|Any CPU.Build.0 = Debug|Any CPU
		{0B875ADA-8E75-418D-9749-D90F3C627E5E}.Release|Any CPU.ActiveCfg = Release|Any CPU
		{0B875ADA-8E75-418D-9749-D90F3C627E5E}.Release|Any CPU.Build.0 = Release|Any CPU
	EndGlobalSection
	GlobalSection(SolutionProperties) = preSolution
		HideSolutionNode = FALSE
	EndGlobalSection
	GlobalSection(ExtensibilityGlobals) = postSolution
		SolutionGuid = {08FECD01-FAC1-429C-88F0-BA1AFE766F31}
	EndGlobalSection
EndGlobal
